
Microsoft Visual Studio Solution File, Format Version 12.00
# Visual Studio 15
VisualStudioVersion = 15.0.26730.16
MinimumVisualStudioVersion = 10.0.40219.1
Project("{FAE04EC0-301F-11D3-BF4B-00C04F79EFBC}") = "SocketServerSample", "SocketServerSample\SocketServerSample.csproj", "{4234D6F7-55A9-4B36-9FA8-5077E7CA7890}"
EndProject
Global
	GlobalSection(SolutionConfigurationPlatforms) = preSolution
		Debug|Any CPU = Debug|Any CPU
		Release|Any CPU = Release|Any CPU
	EndGlobalSection
	GlobalSection(ProjectConfigurationPlatforms) = postSolution
		{4234D6F7-55A9-4B36-9FA8-5077E7CA7890}.Debug|Any CPU.ActiveCfg = Debug|Any CPU
		{4234D6F7-55A9-4B36-9FA8-5077E7CA7890}.Debug|Any CPU.Build.0 = Debug|Any CPU
		{4234D6F7-55A9-4B36-9FA8-5077E7CA7890}.Release|Any CPU.ActiveCfg = Release|Any CPU
		{4234D6F7-55A9-4B36-9FA8-5077E7CA7890}.Release|Any CPU.Build.0 = Release|Any CPU
	EndGlobalSection
	GlobalSection(SolutionProperties) = preSolution
		HideSolutionNode = FALSE
	EndGlobalSection
	GlobalSection(ExtensibilityGlobals) = postSolution
		SolutionGuid = {BE596A7E-0D3D-4429-A6CE-DA494E369842}
	EndGlobalSection
EndGlobal
